
Microsoft Visual Studio Solution File, Format Version 12.00
# Visual Studio Version 17
VisualStudioVersion = 17.2.32616.157
MinimumVisualStudioVersion = 10.0.40219.1
Project("{9A19103F-16F7-4668-BE54-9A1E7A4F7556}") = "ProvidersPilet", "ProvidersPilet.csproj", "{6634841B-314B-4CF7-A56B-974F23EA76DA}"
EndProject
Project("{9A19103F-16F7-4668-BE54-9A1E7A4F7556}") = "SharedModels", "..\Shared\SharedModels.csproj", "{F5E6DE33-7D61-462E-AF73-E8437F84AA76}"
EndProject
Global
	GlobalSection(SolutionConfigurationPlatforms) = preSolution
		Debug|Any CPU = Debug|Any CPU
		Release|Any CPU = Release|Any CPU
	EndGlobalSection
	GlobalSection(ProjectConfigurationPlatforms) = postSolution
		{6634841B-314B-4CF7-A56B-974F23EA76DA}.Debug|Any CPU.ActiveCfg = Debug|Any CPU
		{6634841B-314B-4CF7-A56B-974F23EA76DA}.Debug|Any CPU.Build.0 = Debug|Any CPU
		{6634841B-314B-4CF7-A56B-974F23EA76DA}.Release|Any CPU.ActiveCfg = Release|Any CPU
		{6634841B-314B-4CF7-A56B-974F23EA76DA}.Release|Any CPU.Build.0 = Release|Any CPU
		{F5E6DE33-7D61-462E-AF73-E8437F84AA76}.Debug|Any CPU.ActiveCfg = Debug|Any CPU
		{F5E6DE33-7D61-462E-AF73-E8437F84AA76}.Debug|Any CPU.Build.0 = Debug|Any CPU
		{F5E6DE33-7D61-462E-AF73-E8437F84AA76}.Release|Any CPU.ActiveCfg = Release|Any CPU
		{F5E6DE33-7D61-462E-AF73-E8437F84AA76}.Release|Any CPU.Build.0 = Release|Any CPU
	EndGlobalSection
	GlobalSection(SolutionProperties) = preSolution
		HideSolutionNode = FALSE
	EndGlobalSection
	GlobalSection(ExtensibilityGlobals) = postSolution
		SolutionGuid = {0EB11E40-B45E-4BAE-B69B-2027D0A1FE35}
	EndGlobalSection
EndGlobal
